
Microsoft Visual Studio Solution File, Format Version 12.00
# Visual Studio Version 16
VisualStudioVersion = 16.0.28803.202
MinimumVisualStudioVersion = 10.0.40219.1
Project("{FAE04EC0-301F-11D3-BF4B-00C04F79EFBC}") = "NetConsoleApp1", "NetConsoleApp1\NetConsoleApp1.csproj", "{E2923AEF-09E8-4461-AC7A-27A8C44CCD87}"
EndProject
Project("{FAE04EC0-301F-11D3-BF4B-00C04F79EFBC}") = "NetCoreConsoleApp1", "NetCoreConsoleApp1\NetCoreConsoleApp1.csproj", "{76634252-AE0B-4AE8-BE4F-46C366B98D50}"
EndProject
Global
	GlobalSection(SolutionConfigurationPlatforms) = preSolution
		Debug|Any CPU = Debug|Any CPU
		Release|Any CPU = Release|Any CPU
	EndGlobalSection
	GlobalSection(ProjectConfigurationPlatforms) = postSolution
		{E2923AEF-09E8-4461-AC7A-27A8C44CCD87}.Debug|Any CPU.ActiveCfg = Debug|Any CPU
		{E2923AEF-09E8-4461-AC7A-27A8C44CCD87}.Debug|Any CPU.Build.0 = Debug|Any CPU
		{E2923AEF-09E8-4461-AC7A-27A8C44CCD87}.Release|Any CPU.ActiveCfg = Release|Any CPU
		{E2923AEF-09E8-4461-AC7A-27A8C44CCD87}.Release|Any CPU.Build.0 = Release|Any CPU
		{76634252-AE0B-4AE8-BE4F-46C366B98D50}.Debug|Any CPU.ActiveCfg = Debug|Any CPU
		{76634252-AE0B-4AE8-BE4F-46C366B98D50}.Debug|Any CPU.Build.0 = Debug|Any CPU
		{76634252-AE0B-4AE8-BE4F-46C366B98D50}.Release|Any CPU.ActiveCfg = Release|Any CPU
		{76634252-AE0B-4AE8-BE4F-46C366B98D50}.Release|Any CPU.Build.0 = Release|Any CPU
	EndGlobalSection
	GlobalSection(SolutionProperties) = preSolution
		HideSolutionNode = FALSE
	EndGlobalSection
	GlobalSection(ExtensibilityGlobals) = postSolution
		SolutionGuid = {BCCBE029-BAE3-4FDC-8AA8-63B12746D998}
	EndGlobalSection
EndGlobal
